
Microsoft Visual Studio Solution File, Format Version 12.00
# Visual Studio Version 17
VisualStudioVersion = 17.13.35931.197
MinimumVisualStudioVersion = 10.0.40219.1
Project("{FAE04EC0-301F-11D3-BF4B-00C04F79EFBC}") = "TeamLead", "ConsoleApp1\TeamLead.csproj", "{06EFAD7E-F185-4393-9811-5B876A9EAAA3}"
EndProject
Project("{FAE04EC0-301F-11D3-BF4B-00C04F79EFBC}") = "SqlFile", "SqlFile\SqlFile.csproj", "{037674FB-09CD-4894-9200-F516BA66D2CE}"
EndProject
Project("{FAE04EC0-301F-11D3-BF4B-00C04F79EFBC}") = "Day1", "Day1\Day1.csproj", "{1EEEB8E1-BF47-4856-BBB5-B9D9182FDBDC}"
EndProject
Project("{FAE04EC0-301F-11D3-BF4B-00C04F79EFBC}") = "Dendency Injection", "Dendency Injection\Dendency Injection.csproj", "{9859FE55-569A-4C5A-970A-0BA05A7111D5}"
EndProject
Project("{FAE04EC0-301F-11D3-BF4B-00C04F79EFBC}") = "DendencyInjection", "DendencyInjection\DendencyInjection.csproj", "{4680D403-F50C-4B9F-89DF-797E502DFA69}"
EndProject
Global
	GlobalSection(SolutionConfigurationPlatforms) = preSolution
		Debug|Any CPU = Debug|Any CPU
		Release|Any CPU = Release|Any CPU
	EndGlobalSection
	GlobalSection(ProjectConfigurationPlatforms) = postSolution
		{06EFAD7E-F185-4393-9811-5B876A9EAAA3}.Debug|Any CPU.ActiveCfg = Debug|Any CPU
		{06EFAD7E-F185-4393-9811-5B876A9EAAA3}.Debug|Any CPU.Build.0 = Debug|Any CPU
		{06EFAD7E-F185-4393-9811-5B876A9EAAA3}.Release|Any CPU.ActiveCfg = Release|Any CPU
		{06EFAD7E-F185-4393-9811-5B876A9EAAA3}.Release|Any CPU.Build.0 = Release|Any CPU
		{037674FB-09CD-4894-9200-F516BA66D2CE}.Debug|Any CPU.ActiveCfg = Debug|Any CPU
		{037674FB-09CD-4894-9200-F516BA66D2CE}.Debug|Any CPU.Build.0 = Debug|Any CPU
		{037674FB-09CD-4894-9200-F516BA66D2CE}.Release|Any CPU.ActiveCfg = Release|Any CPU
		{037674FB-09CD-4894-9200-F516BA66D2CE}.Release|Any CPU.Build.0 = Release|Any CPU
		{1EEEB8E1-BF47-4856-BBB5-B9D9182FDBDC}.Debug|Any CPU.ActiveCfg = Debug|Any CPU
		{1EEEB8E1-BF47-4856-BBB5-B9D9182FDBDC}.Debug|Any CPU.Build.0 = Debug|Any CPU
		{1EEEB8E1-BF47-4856-BBB5-B9D9182FDBDC}.Release|Any CPU.ActiveCfg = Release|Any CPU
		{1EEEB8E1-BF47-4856-BBB5-B9D9182FDBDC}.Release|Any CPU.Build.0 = Release|Any CPU
		{9859FE55-569A-4C5A-970A-0BA05A7111D5}.Debug|Any CPU.ActiveCfg = Debug|Any CPU
		{9859FE55-569A-4C5A-970A-0BA05A7111D5}.Debug|Any CPU.Build.0 = Debug|Any CPU
		{9859FE55-569A-4C5A-970A-0BA05A7111D5}.Release|Any CPU.ActiveCfg = Release|Any CPU
		{9859FE55-569A-4C5A-970A-0BA05A7111D5}.Release|Any CPU.Build.0 = Release|Any CPU
		{4680D403-F50C-4B9F-89DF-797E502DFA69}.Debug|Any CPU.ActiveCfg = Debug|Any CPU
		{4680D403-F50C-4B9F-89DF-797E502DFA69}.Debug|Any CPU.Build.0 = Debug|Any CPU
		{4680D403-F50C-4B9F-89DF-797E502DFA69}.Release|Any CPU.ActiveCfg = Release|Any CPU
		{4680D403-F50C-4B9F-89DF-797E502DFA69}.Release|Any CPU.Build.0 = Release|Any CPU
	EndGlobalSection
	GlobalSection(SolutionProperties) = preSolution
		HideSolutionNode = FALSE
	EndGlobalSection
	GlobalSection(ExtensibilityGlobals) = postSolution
		SolutionGuid = {F9B328B0-1FAF-48A8-BB3C-C93C7F90CD30}
	EndGlobalSection
EndGlobal
